GEM
  remote: https://rubygems.org/
  specs:
    diff-lcs (1.6.2)
    kreuzberg (4.4.3)
      rb_sys (~> 0.9.119)
      sorbet-runtime (~> 0.5)
    kreuzberg (4.4.3-arm64-darwin)
      sorbet-runtime (~> 0.5)
    rake-compiler-dock (1.11.0)
    rb_sys (0.9.124)
      rake-compiler-dock (= 1.11.0)
    rspec (3.13.2)
      rspec-core (~> 3.13.0)
      rspec-expectations (~> 3.13.0)
      rspec-mocks (~> 3.13.0)
    rspec-core (3.13.6)
      rspec-support (~> 3.13.0)
    rspec-expectations (3.13.5)
      diff-lcs (>= 1.2.0, < 2.0)
      rspec-support (~> 3.13.0)
    rspec-mocks (3.13.7)
      diff-lcs (>= 1.2.0, < 2.0)
      rspec-support (~> 3.13.0)
    rspec-support (3.13.7)
    sorbet-runtime (0.6.12977)

PLATFORMS
  arm64-darwin-25
  ruby

DEPENDENCIES
  kreuzberg (= 4.4.3)
  rspec

CHECKSUMS
  diff-lcs (1.6.2) sha256=9ae0d2cba7d4df3075fe8cd8602a8604993efc0dfa934cff568969efb1909962
  kreuzberg (4.4.3) sha256=09be59de685e004b178a92517054be62aa351e2c47e388cdb666748f97b9f69a
  kreuzberg (4.4.3-arm64-darwin) sha256=c5f71db9ad092a94015105c55befad2979ccdc3e8db3fb8b89170b45a2f65fc7
  rake-compiler-dock (1.11.0) sha256=eab51f2cd533eb35cea6b624a75281f047123e70a64c58b607471bb49428f8c2
  rb_sys (0.9.124) sha256=513476557b12eaf73764b3da9f8746024558fe8699bda785fb548c9aa3877ae7
  rspec (3.13.2) sha256=206284a08ad798e61f86d7ca3e376718d52c0bc944626b2349266f239f820587
  rspec-core (3.13.6) sha256=a8823c6411667b60a8bca135364351dda34cd55e44ff94c4be4633b37d828b2d
  rspec-expectations (3.13.5) sha256=33a4d3a1d95060aea4c94e9f237030a8f9eae5615e9bd85718fe3a09e4b58836
  rspec-mocks (3.13.7) sha256=0979034e64b1d7a838aaaddf12bf065ea4dc40ef3d4c39f01f93ae2c66c62b1c
  rspec-support (3.13.7) sha256=0640e5570872aafefd79867901deeeeb40b0c9875a36b983d85f54fb7381c47c
  sorbet-runtime (0.6.12977) sha256=67e659fd940cd3ea8022548fb49256e3d87f3353ea8657c5bd26110f54478387

BUNDLED WITH
  4.0.5
